// !$*UTF8*$!
{
	archiveVersion = 1;
	classes = {
	};
	objectVersion = 50;
	objects = {

/* Begin PBXBuildFile section */
		185EA8FA26BC01CC00BC80B6 /* AppState.swift in Sources */ = {isa = PBXBuildFile; fileRef = 185EA8F926BC01CC00BC80B6 /* AppState.swift */; };
		185EA8FC26BC04B100BC80B6 /* Store.swift in Sources */ = {isa = PBXBuildFile; fileRef = 185EA8FB26BC04B100BC80B6 /* Store.swift */; };
		185EA8FE26BC04CA00BC80B6 /* Observer.swift in Sources */ = {isa = PBXBuildFile; fileRef = 185EA8FD26BC04CA00BC80B6 /* Observer.swift */; };
		185EA90026BC062700BC80B6 /* Action.swift in Sources */ = {isa = PBXBuildFile; fileRef = 185EA8FF26BC062700BC80B6 /* Action.swift */; };
		185EA90226BC087000BC80B6 /* README.md in Resources */ = {isa = PBXBuildFile; fileRef = 185EA90126BC087000BC80B6 /* README.md */; };
		18CCE14026BBFCFD00C2706E /* AppDelegate.swift in Sources */ = {isa = PBXBuildFile; fileRef = 18CCE13F26BBFCFD00C2706E /* AppDelegate.swift */; };
		18CCE14426BBFCFD00C2706E /* EnterUserNameViewController.swift in Sources */ = {isa = PBXBuildFile; fileRef = 18CCE14326BBFCFD00C2706E /* EnterUserNameViewController.swift */; };
		18CCE14726BBFCFD00C2706E /* Main.storyboard in Resources */ = {isa = PBXBuildFile; fileRef = 18CCE14526BBFCFD00C2706E /* Main.storyboard */; };
		18CCE14926BBFCFF00C2706E /* Assets.xcassets in Resources */ = {isa = PBXBuildFile; fileRef = 18CCE14826BBFCFF00C2706E /* Assets.xcassets */; };
		18CCE14C26BBFCFF00C2706E /* LaunchScreen.storyboard in Resources */ = {isa = PBXBuildFile; fileRef = 18CCE14A26BBFCFF00C2706E /* LaunchScreen.storyboard */; };
/* End PBXBuildFile section */

/* Begin PBXFileReference section */
		185EA8F926BC01CC00BC80B6 /* AppState.swift */ = {isa = PBXFileReference; lastKnownFileType = sourcecode.swift; path = AppState.swift; sourceTree = "<group>"; };
		185EA8FB26BC04B100BC80B6 /* Store.swift */ = {isa = PBXFileReference; lastKnownFileType = sourcecode.swift; path = Store.swift; sourceTree = "<group>"; };
		185EA8FD26BC04CA00BC80B6 /* Observer.swift */ = {isa = PBXFileReference; lastKnownFileType = sourcecode.swift; path = Observer.swift; sourceTree = "<group>"; };
		185EA8FF26BC062700BC80B6 /* Action.swift */ = {isa = PBXFileReference; lastKnownFileType = sourcecode.swift; path = Action.swift; sourceTree = "<group>"; };
		185EA90126BC087000BC80B6 /* README.md */ = {isa = PBXFileReference; fileEncoding = 4; lastKnownFileType = net.daringfireball.markdown; path = README.md; sourceTree = "<group>"; };
		18CCE13C26BBFCFD00C2706E /* Sleep-Test-App.app */ = {isa = PBXFileReference; explicitFileType = wrapper.application; includeInIndex = 0; path = "Sleep-Test-App.app"; sourceTree = BUILT_PRODUCTS_DIR; };
		18CCE13F26BBFCFD00C2706E /* AppDelegate.swift */ = {isa = PBXFileReference; lastKnownFileType = sourcecode.swift; path = AppDelegate.swift; sourceTree = "<group>"; };
		18CCE14326BBFCFD00C2706E /* EnterUserNameViewController.swift */ = {isa = PBXFileReference; lastKnownFileType = sourcecode.swift; path = EnterUserNameViewController.swift; sourceTree = "<group>"; };
		18CCE14626BBFCFD00C2706E /* Base */ = {isa = PBXFileReference; lastKnownFileType = file.storyboard; name = Base; path = Base.lproj/Main.storyboard; sourceTree = "<group>"; };
		18CCE14826BBFCFF00C2706E /* Assets.xcassets */ = {isa = PBXFileReference; lastKnownFileType = folder.assetcatalog; path = Assets.xcassets; sourceTree = "<group>"; };
		18CCE14B26BBFCFF00C2706E /* Base */ = {isa = PBXFileReference; lastKnownFileType = file.storyboard; name = Base; path = Base.lproj/LaunchScreen.storyboard; sourceTree = "<group>"; };
		18CCE14D26BBFCFF00C2706E /* Info.plist */ = {isa = PBXFileReference; lastKnownFileType = text.plist.xml; path = Info.plist; sourceTree = "<group>"; };
/* End PBXFileReference section */

/* Begin PBXFrameworksBuildPhase section */
		18CCE13926BBFCFD00C2706E /* Frameworks */ = {
			isa = PBXFrameworksBuildPhase;
			buildActionMask = 2147483647;
			files = (
			);
			runOnlyForDeploymentPostprocessing = 0;
		};
/* End PBXFrameworksBuildPhase section */

/* Begin PBXGroup section */
		185EA8F426BC00AC00BC80B6 /* Core */ = {
			isa = PBXGroup;
			children = (
				185EA8F926BC01CC00BC80B6 /* AppState.swift */,
				185EA8FF26BC062700BC80B6 /* Action.swift */,
			);
			path = Core;
			sourceTree = "<group>";
		};
		185EA8F526BC00B200BC80B6 /* Store */ = {
			isa = PBXGroup;
			children = (
				185EA8FB26BC04B100BC80B6 /* Store.swift */,
				185EA8FD26BC04CA00BC80B6 /* Observer.swift */,
			);
			path = Store;
			sourceTree = "<group>";
		};
		185EA8F626BC00BC00BC80B6 /* Shell */ = {
			isa = PBXGroup;
			children = (
			);
			path = Shell;
			sourceTree = "<group>";
		};
		185EA8F726BC00C300BC80B6 /* ShellUI */ = {
			isa = PBXGroup;
			children = (
				18CCE14826BBFCFF00C2706E /* Assets.xcassets */,
				18CCE14526BBFCFD00C2706E /* Main.storyboard */,
				18CCE14326BBFCFD00C2706E /* EnterUserNameViewController.swift */,
			);
			path = ShellUI;
			sourceTree = "<group>";
		};
		185EA8F826BC011400BC80B6 /* Sleep */ = {
			isa = PBXGroup;
			children = (
				18CCE14D26BBFCFF00C2706E /* Info.plist */,
				18CCE14A26BBFCFF00C2706E /* LaunchScreen.storyboard */,
				18CCE13F26BBFCFD00C2706E /* AppDelegate.swift */,
			);
			path = Sleep;
			sourceTree = "<group>";
		};
		18CCE13326BBFCFD00C2706E = {
			isa = PBXGroup;
			children = (
				185EA90126BC087000BC80B6 /* README.md */,
				18CCE13E26BBFCFD00C2706E /* Sleep-Test-App */,
				18CCE13D26BBFCFD00C2706E /* Products */,
			);
			sourceTree = "<group>";
		};
		18CCE13D26BBFCFD00C2706E /* Products */ = {
			isa = PBXGroup;
			children = (
				18CCE13C26BBFCFD00C2706E /* Sleep-Test-App.app */,
			);
			name = Products;
			sourceTree = "<group>";
		};
		18CCE13E26BBFCFD00C2706E /* Sleep-Test-App */ = {
			isa = PBXGroup;
			children = (
				185EA8F426BC00AC00BC80B6 /* Core */,
				185EA8F526BC00B200BC80B6 /* Store */,
				185EA8F626BC00BC00BC80B6 /* Shell */,
				185EA8F726BC00C300BC80B6 /* ShellUI */,
				185EA8F826BC011400BC80B6 /* Sleep */,
			);
			path = "Sleep-Test-App";
			sourceTree = "<group>";
		};
/* End PBXGroup section */

/* Begin PBXNativeTarget section */
		18CCE13B26BBFCFD00C2706E /* Sleep-Test-App */ = {
			isa = PBXNativeTarget;
			buildConfigurationList = 18CCE15026BBFCFF00C2706E /* Build configuration list for PBXNativeTarget "Sleep-Test-App" */;
			buildPhases = (
				18CCE13826BBFCFD00C2706E /* Sources */,
				18CCE13926BBFCFD00C2706E /* Frameworks */,
				18CCE13A26BBFCFD00C2706E /* Resources */,
			);
			buildRules = (
			);
			dependencies = (
			);
			name = "Sleep-Test-App";
			productName = "Sleep-Test-App";
			productReference = 18CCE13C26BBFCFD00C2706E /* Sleep-Test-App.app */;
			productType = "com.apple.product-type.application";
		};
/* End PBXNativeTarget section */

/* Begin PBXProject section */
		18CCE13426BBFCFD00C2706E /* Project object */ = {
			isa = PBXProject;
			attributes = {
				LastSwiftUpdateCheck = 1250;
				LastUpgradeCheck = 1250;
				TargetAttributes = {
					18CCE13B26BBFCFD00C2706E = {
						CreatedOnToolsVersion = 12.5;
					};
				};
			};
			buildConfigurationList = 18CCE13726BBFCFD00C2706E /* Build configuration list for PBXProject "Sleep-Test-App" */;
			compatibilityVersion = "Xcode 9.3";
			developmentRegion = en;
			hasScannedForEncodings = 0;
			knownRegions = (
				en,
				Base,
			);
			mainGroup = 18CCE13326BBFCFD00C2706E;
			productRefGroup = 18CCE13D26BBFCFD00C2706E /* Products */;
			projectDirPath = "";
			projectRoot = "";
			targets = (
				18CCE13B26BBFCFD00C2706E /* Sleep-Test-App */,
			);
		};
/* End PBXProject section */

/* Begin PBXResourcesBuildPhase section */
		18CCE13A26BBFCFD00C2706E /* Resources */ = {
			isa = PBXResourcesBuildPhase;
			buildActionMask = 2147483647;
			files = (
				18CCE14C26BBFCFF00C2706E /* LaunchScreen.storyboard in Resources */,
				18CCE14926BBFCFF00C2706E /* Assets.xcassets in Resources */,
				185EA90226BC087000BC80B6 /* README.md in Resources */,
				18CCE14726BBFCFD00C2706E /* Main.storyboard in Resources */,
			);
			runOnlyForDeploymentPostprocessing = 0;
		};
/* End PBXResourcesBuildPhase section */

/* Begin PBXSourcesBuildPhase section */
		18CCE13826BBFCFD00C2706E /* Sources */ = {
			isa = PBXSourcesBuildPhase;
			buildActionMask = 2147483647;
			files = (
				185EA8FA26BC01CC00BC80B6 /* AppState.swift in Sources */,
				185EA90026BC062700BC80B6 /* Action.swift in Sources */,
				185EA8FE26BC04CA00BC80B6 /* Observer.swift in Sources */,
				18CCE14426BBFCFD00C2706E /* EnterUserNameViewController.swift in Sources */,
				18CCE14026BBFCFD00C2706E /* AppDelegate.swift in Sources */,
				185EA8FC26BC04B100BC80B6 /* Store.swift in Sources */,
			);
			runOnlyForDeploymentPostprocessing = 0;
		};
/* End PBXSourcesBuildPhase section */

/* Begin PBXVariantGroup section */
		18CCE14526BBFCFD00C2706E /* Main.storyboard */ = {
			isa = PBXVariantGroup;
			children = (
				18CCE14626BBFCFD00C2706E /* Base */,
			);
			name = Main.storyboard;
			sourceTree = "<group>";
		};
		18CCE14A26BBFCFF00C2706E /* LaunchScreen.storyboard */ = {
			isa = PBXVariantGroup;
			children = (
				18CCE14B26BBFCFF00C2706E /* Base */,
			);
			name = LaunchScreen.storyboard;
			sourceTree = "<group>";
		};
/* End PBXVariantGroup section */

/* Begin XCBuildConfiguration section */
		18CCE14E26BBFCFF00C2706E /* Debug */ = {
			isa = XCBuildConfiguration;
			buildSettings = {
				ALWAYS_SEARCH_USER_PATHS = NO;
				CLANG_ANALYZER_NONNULL = YES;
				CLANG_ANALYZER_NUMBER_OBJECT_CONVERSION = YES_AGGRESSIVE;
				CLANG_CXX_LANGUAGE_STANDARD = "gnu++14";
				CLANG_CXX_LIBRARY = "libc++";
				CLANG_ENABLE_MODULES = YES;
				CLANG_ENABLE_OBJC_ARC = YES;
				CLANG_ENABLE_OBJC_WEAK = YES;
				CLANG_WARN_BLOCK_CAPTURE_AUTORELEASING = YES;
				CLANG_WARN_BOOL_CONVERSION = YES;
				CLANG_WARN_COMMA = YES;
				CLANG_WARN_CONSTANT_CONVERSION = YES;
				CLANG_WARN_DEPRECATED_OBJC_IMPLEMENTATIONS = YES;
				CLANG_WARN_DIRECT_OBJC_ISA_USAGE = YES_ERROR;
				CLANG_WARN_DOCUMENTATION_COMMENTS = YES;
				CLANG_WARN_EMPTY_BODY = YES;
				CLANG_WARN_ENUM_CONVERSION = YES;
				CLANG_WARN_INFINITE_RECURSION = YES;
				CLANG_WARN_INT_CONVERSION = YES;
				CLANG_WARN_NON_LITERAL_NULL_CONVERSION = YES;
				CLANG_WARN_OBJC_IMPLICIT_RETAIN_SELF = YES;
				CLANG_WARN_OBJC_LITERAL_CONVERSION = YES;
				CLANG_WARN_OBJC_ROOT_CLASS = YES_ERROR;
				CLANG_WARN_QUOTED_INCLUDE_IN_FRAMEWORK_HEADER = YES;
				CLANG_WARN_RANGE_LOOP_ANALYSIS = YES;
				CLANG_WARN_STRICT_PROTOTYPES = YES;
				CLANG_WARN_SUSPICIOUS_MOVE = YES;
				CLANG_WARN_UNGUARDED_AVAILABILITY = YES_AGGRESSIVE;
				CLANG_WARN_UNREACHABLE_CODE = YES;
				CLANG_WARN__DUPLICATE_METHOD_MATCH = YES;
				COPY_PHASE_STRIP = NO;
				DEBUG_INFORMATION_FORMAT = dwarf;
				ENABLE_STRICT_OBJC_MSGSEND = YES;
				ENABLE_TESTABILITY = YES;
				GCC_C_LANGUAGE_STANDARD = gnu11;
				GCC_DYNAMIC_NO_PIC = NO;
				GCC_NO_COMMON_BLOCKS = YES;
				GCC_OPTIMIZATION_LEVEL = 0;
				GCC_PREPROCESSOR_DEFINITIONS = (
					"DEBUG=1",
					"$(inherited)",
				);
				GCC_WARN_64_TO_32_BIT_CONVERSION = YES;
				GCC_WARN_ABOUT_RETURN_TYPE = YES_ERROR;
				GCC_WARN_UNDECLARED_SELECTOR = YES;
				GCC_WARN_UNINITIALIZED_AUTOS = YES_AGGRESSIVE;
				GCC_WARN_UNUSED_FUNCTION = YES;
				GCC_WARN_UNUSED_VARIABLE = YES;
				MTL_ENABLE_DEBUG_INFO = INCLUDE_SOURCE;
				MTL_FAST_MATH = YES;
				ONLY_ACTIVE_ARCH = YES;
				SDKROOT = iphoneos;
				SWIFT_ACTIVE_COMPILATION_CONDITIONS = DEBUG;
				SWIFT_OPTIMIZATION_LEVEL = "-Onone";
			};
			name = Debug;
		};
		18CCE14F26BBFCFF00C2706E /* Release */ = {
			isa = XCBuildConfiguration;
			buildSettings = {
				ALWAYS_SEARCH_USER_PATHS = NO;
				CLANG_ANALYZER_NONNULL = YES;
				CLANG_ANALYZER_NUMBER_OBJECT_CONVERSION = YES_AGGRESSIVE;
				CLANG_CXX_LANGUAGE_STANDARD = "gnu++14";
				CLANG_CXX_LIBRARY = "libc++";
				CLANG_ENABLE_MODULES = YES;
				CLANG_ENABLE_OBJC_ARC = YES;
				CLANG_ENABLE_OBJC_WEAK = YES;
				CLANG_WARN_BLOCK_CAPTURE_AUTORELEASING = YES;
				CLANG_WARN_BOOL_CONVERSION = YES;
				CLANG_WARN_COMMA = YES;
				CLANG_WARN_CONSTANT_CONVERSION = YES;
				CLANG_WARN_DEPRECATED_OBJC_IMPLEMENTATIONS = YES;
				CLANG_WARN_DIRECT_OBJC_ISA_USAGE = YES_ERROR;
				CLANG_WARN_DOCUMENTATION_COMMENTS = YES;
				CLANG_WARN_EMPTY_BODY = YES;
				CLANG_WARN_ENUM_CONVERSION = YES;
				CLANG_WARN_INFINITE_RECURSION = YES;
				CLANG_WARN_INT_CONVERSION = YES;
				CLANG_WARN_NON_LITERAL_NULL_CONVERSION = YES;
				CLANG_WARN_OBJC_IMPLICIT_RETAIN_SELF = YES;
				CLANG_WARN_OBJC_LITERAL_CONVERSION = YES;
				CLANG_WARN_OBJC_ROOT_CLASS = YES_ERROR;
				CLANG_WARN_QUOTED_INCLUDE_IN_FRAMEWORK_HEADER = YES;
				CLANG_WARN_RANGE_LOOP_ANALYSIS = YES;
				CLANG_WARN_STRICT_PROTOTYPES = YES;
				CLANG_WARN_SUSPICIOUS_MOVE = YES;
				CLANG_WARN_UNGUARDED_AVAILABILITY = YES_AGGRESSIVE;
				CLANG_WARN_UNREACHABLE_CODE = YES;
				CLANG_WARN__DUPLICATE_METHOD_MATCH = YES;
				COPY_PHASE_STRIP = NO;
				DEBUG_INFORMATION_FORMAT = "dwarf-with-dsym";
				ENABLE_NS_ASSERTIONS = NO;
				ENABLE_STRICT_OBJC_MSGSEND = YES;
				GCC_C_LANGUAGE_STANDARD = gnu11;
				GCC_NO_COMMON_BLOCKS = YES;
				GCC_WARN_64_TO_32_BIT_CONVERSION = YES;
				GCC_WARN_ABOUT_RETURN_TYPE = YES_ERROR;
				GCC_WARN_UNDECLARED_SELECTOR = YES;
				GCC_WARN_UNINITIALIZED_AUTOS = YES_AGGRESSIVE;
				GCC_WARN_UNUSED_FUNCTION = YES;
				GCC_WARN_UNUSED_VARIABLE = YES;
				MTL_ENABLE_DEBUG_INFO = NO;
				MTL_FAST_MATH = YES;
				SDKROOT = iphoneos;
				SWIFT_COMPILATION_MODE = wholemodule;
				SWIFT_OPTIMIZATION_LEVEL = "-O";
				VALIDATE_PRODUCT = YES;
			};
			name = Release;
		};
		18CCE15126BBFCFF00C2706E /* Debug */ = {
			isa = XCBuildConfiguration;
			buildSettings = {
				ASSETCATALOG_COMPILER_APPICON_NAME = AppIcon;
				ASSETCATALOG_COMPILER_GLOBAL_ACCENT_COLOR_NAME = AccentColor;
				CODE_SIGN_STYLE = Automatic;
				DEVELOPMENT_TEAM = 86A2URF89S;
				INFOPLIST_FILE = "$(SRCROOT)/Sleep-Test-App/Sleep/Info.plist";
				IPHONEOS_DEPLOYMENT_TARGET = 13.0;
				LD_RUNPATH_SEARCH_PATHS = (
					"$(inherited)",
					"@executable_path/Frameworks",
				);
				PRODUCT_BUNDLE_IDENTIFIER = "com.sleep.test.app.Sleep-Test-App";
				PRODUCT_NAME = "$(TARGET_NAME)";
				SWIFT_VERSION = 5.0;
				TARGETED_DEVICE_FAMILY = 1;
			};
			name = Debug;
		};
		18CCE15226BBFCFF00C2706E /* Release */ = {
			isa = XCBuildConfiguration;
			buildSettings = {
				ASSETCATALOG_COMPILER_APPICON_NAME = AppIcon;
				ASSETCATALOG_COMPILER_GLOBAL_ACCENT_COLOR_NAME = AccentColor;
				CODE_SIGN_STYLE = Automatic;
				DEVELOPMENT_TEAM = 86A2URF89S;
				INFOPLIST_FILE = "$(SRCROOT)/Sleep-Test-App/Sleep/Info.plist";
				IPHONEOS_DEPLOYMENT_TARGET = 13.0;
				LD_RUNPATH_SEARCH_PATHS = (
					"$(inherited)",
					"@executable_path/Frameworks",
				);
				PRODUCT_BUNDLE_IDENTIFIER = "com.sleep.test.app.Sleep-Test-App";
				PRODUCT_NAME = "$(TARGET_NAME)";
				SWIFT_VERSION = 5.0;
				TARGETED_DEVICE_FAMILY = 1;
			};
			name = Release;
		};
/* End XCBuildConfiguration section */

/* Begin XCConfigurationList section */
		18CCE13726BBFCFD00C2706E /* Build configuration list for PBXProject "Sleep-Test-App" */ = {
			isa = XCConfigurationList;
			buildConfigurations = (
				18CCE14E26BBFCFF00C2706E /* Debug */,
				18CCE14F26BBFCFF00C2706E /* Release */,
			);
			defaultConfigurationIsVisible = 0;
			defaultConfigurationName = Release;
		};
		18CCE15026BBFCFF00C2706E /* Build configuration list for PBXNativeTarget "Sleep-Test-App" */ = {
			isa = XCConfigurationList;
			buildConfigurations = (
				18CCE15126BBFCFF00C2706E /* Debug */,
				18CCE15226BBFCFF00C2706E /* Release */,
			);
			defaultConfigurationIsVisible = 0;
			defaultConfigurationName = Release;
		};
/* End XCConfigurationList section */
	};
	rootObject = 18CCE13426BBFCFD00C2706E /* Project object */;
}
